
Microsoft Visual Studio Solution File, Format Version 12.00
# Visual Studio Version 17
VisualStudioVersion = 17.4.33205.214
MinimumVisualStudioVersion = 10.0.40219.1
Project("{FAE04EC0-301F-11D3-BF4B-00C04F79EFBC}") = "BinarySearchPro", "BinarySearchPro.csproj", "{965902A6-2DF4-4D47-816E-6B98E93CF5CB}"
EndProject
Global
	GlobalSection(SolutionConfigurationPlatforms) = preSolution
		Debug|Any CPU = Debug|Any CPU
		Release|Any CPU = Release|Any CPU
	EndGlobalSection
	GlobalSection(ProjectConfigurationPlatforms) = postSolution
		{965902A6-2DF4-4D47-816E-6B98E93CF5CB}.Debug|Any CPU.ActiveCfg = Debug|Any CPU
		{965902A6-2DF4-4D47-816E-6B98E93CF5CB}.Debug|Any CPU.Build.0 = Debug|Any CPU
		{965902A6-2DF4-4D47-816E-6B98E93CF5CB}.Release|Any CPU.ActiveCfg = Release|Any CPU
		{965902A6-2DF4-4D47-816E-6B98E93CF5CB}.Release|Any CPU.Build.0 = Release|Any CPU
	EndGlobalSection
	GlobalSection(SolutionProperties) = preSolution
		HideSolutionNode = FALSE
	EndGlobalSection
	GlobalSection(ExtensibilityGlobals) = postSolution
		SolutionGuid = {7CBF86D4-1766-4D6D-9A3E-FDA69004219E}
	EndGlobalSection
EndGlobal
